
Microsoft Visual Studio Solution File, Format Version 12.00
Project("{FAE04EC0-301F-11D3-BF4B-00C04F79EFBC}") = "PlacePicker.Backend", "PlacePicker.Backend\PlacePicker.Backend.csproj", "{1B6BA61E-8EAA-4B0C-B159-4A18446FABD2}"
EndProject
Global
	GlobalSection(SolutionConfigurationPlatforms) = preSolution
		Debug|Any CPU = Debug|Any CPU
		Release|Any CPU = Release|Any CPU
	EndGlobalSection
	GlobalSection(ProjectConfigurationPlatforms) = postSolution
		{1B6BA61E-8EAA-4B0C-B159-4A18446FABD2}.Debug|Any CPU.ActiveCfg = Debug|Any CPU
		{1B6BA61E-8EAA-4B0C-B159-4A18446FABD2}.Debug|Any CPU.Build.0 = Debug|Any CPU
		{1B6BA61E-8EAA-4B0C-B159-4A18446FABD2}.Release|Any CPU.ActiveCfg = Release|Any CPU
		{1B6BA61E-8EAA-4B0C-B159-4A18446FABD2}.Release|Any CPU.Build.0 = Release|Any CPU
	EndGlobalSection
EndGlobal
