
Microsoft Visual Studio Solution File, Format Version 12.00
Project("{FAE04EC0-301F-11D3-BF4B-00C04F79EFBC}") = "FoodOrder.BackEnd", "FoodOrder.BackEnd\FoodOrder.BackEnd.csproj", "{FF165E25-7C12-4C6B-AEC0-1000A9A01017}"
EndProject
Global
	GlobalSection(SolutionConfigurationPlatforms) = preSolution
		Debug|Any CPU = Debug|Any CPU
		Release|Any CPU = Release|Any CPU
	EndGlobalSection
	GlobalSection(ProjectConfigurationPlatforms) = postSolution
		{FF165E25-7C12-4C6B-AEC0-1000A9A01017}.Debug|Any CPU.ActiveCfg = Debug|Any CPU
		{FF165E25-7C12-4C6B-AEC0-1000A9A01017}.Debug|Any CPU.Build.0 = Debug|Any CPU
		{FF165E25-7C12-4C6B-AEC0-1000A9A01017}.Release|Any CPU.ActiveCfg = Release|Any CPU
		{FF165E25-7C12-4C6B-AEC0-1000A9A01017}.Release|Any CPU.Build.0 = Release|Any CPU
	EndGlobalSection
EndGlobal
